
Microsoft Visual Studio Solution File, Format Version 12.00
# Visual Studio Version 16
VisualStudioVersion = 16.0.32802.440
MinimumVisualStudioVersion = 10.0.40219.1
Project("{FAE04EC0-301F-11D3-BF4B-00C04F79EFBC}") = "MercadoChile", "MercadoChile\MercadoChile.csproj", "{74DA1E75-B954-4631-BA21-F7F0A3EEFC03}"
EndProject
Global
	GlobalSection(SolutionConfigurationPlatforms) = preSolution
		Debug|Any CPU = Debug|Any CPU
		Release|Any CPU = Release|Any CPU
	EndGlobalSection
	GlobalSection(ProjectConfigurationPlatforms) = postSolution
		{74DA1E75-B954-4631-BA21-F7F0A3EEFC03}.Debug|Any CPU.ActiveCfg = Debug|Any CPU
		{74DA1E75-B954-4631-BA21-F7F0A3EEFC03}.Debug|Any CPU.Build.0 = Debug|Any CPU
		{74DA1E75-B954-4631-BA21-F7F0A3EEFC03}.Release|Any CPU.ActiveCfg = Release|Any CPU
		{74DA1E75-B954-4631-BA21-F7F0A3EEFC03}.Release|Any CPU.Build.0 = Release|Any CPU
	EndGlobalSection
	GlobalSection(SolutionProperties) = preSolution
		HideSolutionNode = FALSE
	EndGlobalSection
	GlobalSection(ExtensibilityGlobals) = postSolution
		SolutionGuid = {5636CF58-FECF-4B7D-A4B0-999DCEF26131}
	EndGlobalSection
EndGlobal
